// !$*UTF8*$!
{
	archiveVersion = 1;
	classes = {
	};
	objectVersion = 50;
	objects = {

/* Begin PBXBuildFile section */
		B08B414320C78BC00019797E /* AppDelegate.m in Sources */ = {isa = PBXBuildFile; fileRef = B08B414220C78BC00019797E /* AppDelegate.m */; };
		B08B414620C78BC00019797E /* ViewController.m in Sources */ = {isa = PBXBuildFile; fileRef = B08B414520C78BC00019797E /* ViewController.m */; };
		B08B414920C78BC00019797E /* Main.storyboard in Resources */ = {isa = PBXBuildFile; fileRef = B08B414720C78BC00019797E /* Main.storyboard */; };
		B08B414B20C78BC10019797E /* Assets.xcassets in Resources */ = {isa = PBXBuildFile; fileRef = B08B414A20C78BC10019797E /* Assets.xcassets */; };
		B08B414E20C78BC10019797E /* LaunchScreen.storyboard in Resources */ = {isa = PBXBuildFile; fileRef = B08B414C20C78BC10019797E /* LaunchScreen.storyboard */; };
		B08B415120C78BC10019797E /* main.m in Sources */ = {isa = PBXBuildFile; fileRef = B08B415020C78BC10019797E /* main.m */; };
		B08B415B20C78BC20019797E /* UDTAndShareExtensionTests.m in Sources */ = {isa = PBXBuildFile; fileRef = B08B415A20C78BC20019797E /* UDTAndShareExtensionTests.m */; };
		B08B416620C78BC20019797E /* UDTAndShareExtensionUITests.m in Sources */ = {isa = PBXBuildFile; fileRef = B08B416520C78BC20019797E /* UDTAndShareExtensionUITests.m */; };
		B08B417B20C78CFB0019797E /* ShareViewController.m in Sources */ = {isa = PBXBuildFile; fileRef = B08B417A20C78CFB0019797E /* ShareViewController.m */; };
		B08B417E20C78CFB0019797E /* MainInterface.storyboard in Resources */ = {isa = PBXBuildFile; fileRef = B08B417C20C78CFB0019797E /* MainInterface.storyboard */; };
		B08B418220C78CFB0019797E /* ShareExtension.appex in Embed App Extensions */ = {isa = PBXBuildFile; fileRef = B08B417720C78CFB0019797E /* ShareExtension.appex */; settings = {ATTRIBUTES = (RemoveHeadersOnCopy, ); }; };
		B08B418920C7A75E0019797E /* CoustomShareViewController.m in Sources */ = {isa = PBXBuildFile; fileRef = B08B418820C7A75E0019797E /* CoustomShareViewController.m */; };
		B08B418D20C7C6460019797E /* CycleScrollView.m in Sources */ = {isa = PBXBuildFile; fileRef = B08B418B20C7C6460019797E /* CycleScrollView.m */; };
/* End PBXBuildFile section */

/* Begin PBXContainerItemProxy section */
		B08B415720C78BC20019797E /* PBXContainerItemProxy */ = {
			isa = PBXContainerItemProxy;
			containerPortal = B08B413620C78BC00019797E /* Project object */;
			proxyType = 1;
			remoteGlobalIDString = B08B413D20C78BC00019797E;
			remoteInfo = UDTAndShareExtension;
		};
		B08B416220C78BC20019797E /* PBXContainerItemProxy */ = {
			isa = PBXContainerItemProxy;
			containerPortal = B08B413620C78BC00019797E /* Project object */;
			proxyType = 1;
			remoteGlobalIDString = B08B413D20C78BC00019797E;
			remoteInfo = UDTAndShareExtension;
		};
		B08B418020C78CFB0019797E /* PBXContainerItemProxy */ = {
			isa = PBXContainerItemProxy;
			containerPortal = B08B413620C78BC00019797E /* Project object */;
			proxyType = 1;
			remoteGlobalIDString = B08B417620C78CFB0019797E;
			remoteInfo = ShareExtension;
		};
/* End PBXContainerItemProxy section */

/* Begin PBXCopyFilesBuildPhase section */
		B08B418620C78CFB0019797E /* Embed App Extensions */ = {
			isa = PBXCopyFilesBuildPhase;
			buildActionMask = 12;
			dstPath = "";
			dstSubfolderSpec = 13;
			files = (
				B08B418220C78CFB0019797E /* ShareExtension.appex in Embed App Extensions */,
			);
			name = "Embed App Extensions";
			runOnlyForDeploymentPostprocessing = 0;
		};
/* End PBXCopyFilesBuildPhase section */

/* Begin PBXFileReference section */
		B07D448C20C8BD2700068040 /* UDTAndShareExtension.entitlements */ = {isa = PBXFileReference; lastKnownFileType = text.plist.entitlements; path = UDTAndShareExtension.entitlements; sourceTree = "<group>"; };
		B07D448D20C8BD7100068040 /* ShareExtension.entitlements */ = {isa = PBXFileReference; lastKnownFileType = text.plist.entitlements; path = ShareExtension.entitlements; sourceTree = "<group>"; };
		B08B413E20C78BC00019797E /* UDTAndShareExtension.app */ = {isa = PBXFileReference; explicitFileType = wrapper.application; includeInIndex = 0; path = UDTAndShareExtension.app; sourceTree = BUILT_PRODUCTS_DIR; };
		B08B414120C78BC00019797E /* AppDelegate.h */ = {isa = PBXFileReference; lastKnownFileType = sourcecode.c.h; path = AppDelegate.h; sourceTree = "<group>"; };
		B08B414220C78BC00019797E /* AppDelegate.m */ = {isa = PBXFileReference; lastKnownFileType = sourcecode.c.objc; path = AppDelegate.m; sourceTree = "<group>"; };
		B08B414420C78BC00019797E /* ViewController.h */ = {isa = PBXFileReference; lastKnownFileType = sourcecode.c.h; path = ViewController.h; sourceTree = "<group>"; };
		B08B414520C78BC00019797E /* ViewController.m */ = {isa = PBXFileReference; lastKnownFileType = sourcecode.c.objc; path = ViewController.m; sourceTree = "<group>"; };
		B08B414820C78BC00019797E /* Base */ = {isa = PBXFileReference; lastKnownFileType = file.storyboard; name = Base; path = Base.lproj/Main.storyboard; sourceTree = "<group>"; };
		B08B414A20C78BC10019797E /* Assets.xcassets */ = {isa = PBXFileReference; lastKnownFileType = folder.assetcatalog; path = Assets.xcassets; sourceTree = "<group>"; };
		B08B414D20C78BC10019797E /* Base */ = {isa = PBXFileReference; lastKnownFileType = file.storyboard; name = Base; path = Base.lproj/LaunchScreen.storyboard; sourceTree = "<group>"; };
		B08B414F20C78BC10019797E /* Info.plist */ = {isa = PBXFileReference; lastKnownFileType = text.plist.xml; path = Info.plist; sourceTree = "<group>"; };
		B08B415020C78BC10019797E /* main.m */ = {isa = PBXFileReference; lastKnownFileType = sourcecode.c.objc; path = main.m; sourceTree = "<group>"; };
		B08B415620C78BC20019797E /* UDTAndShareExtensionTests.xctest */ = {isa = PBXFileReference; explicitFileType = wrapper.cfbundle; includeInIndex = 0; path = UDTAndShareExtensionTests.xctest; sourceTree = BUILT_PRODUCTS_DIR; };
		B08B415A20C78BC20019797E /* UDTAndShareExtensionTests.m */ = {isa = PBXFileReference; lastKnownFileType = sourcecode.c.objc; path = UDTAndShareExtensionTests.m; sourceTree = "<group>"; };
		B08B415C20C78BC20019797E /* Info.plist */ = {isa = PBXFileReference; lastKnownFileType = text.plist.xml; path = Info.plist; sourceTree = "<group>"; };
		B08B416120C78BC20019797E /* UDTAndShareExtensionUITests.xctest */ = {isa = PBXFileReference; explicitFileType = wrapper.cfbundle; includeInIndex = 0; path = UDTAndShareExtensionUITests.xctest; sourceTree = BUILT_PRODUCTS_DIR; };
		B08B416520C78BC20019797E /* UDTAndShareExtensionUITests.m */ = {isa = PBXFileReference; lastKnownFileType = sourcecode.c.objc; path = UDTAndShareExtensionUITests.m; sourceTree = "<group>"; };
		B08B416720C78BC20019797E /* Info.plist */ = {isa = PBXFileReference; lastKnownFileType = text.plist.xml; path = Info.plist; sourceTree = "<group>"; };
		B08B417720C78CFB0019797E /* ShareExtension.appex */ = {isa = PBXFileReference; explicitFileType = "wrapper.app-extension"; includeInIndex = 0; path = ShareExtension.appex; sourceTree = BUILT_PRODUCTS_DIR; };
		B08B417920C78CFB0019797E /* ShareViewController.h */ = {isa = PBXFileReference; lastKnownFileType = sourcecode.c.h; path = ShareViewController.h; sourceTree = "<group>"; };
		B08B417A20C78CFB0019797E /* ShareViewController.m */ = {isa = PBXFileReference; lastKnownFileType = sourcecode.c.objc; path = ShareViewController.m; sourceTree = "<group>"; };
		B08B417D20C78CFB0019797E /* Base */ = {isa = PBXFileReference; lastKnownFileType = file.storyboard; name = Base; path = Base.lproj/MainInterface.storyboard; sourceTree = "<group>"; };
		B08B417F20C78CFB0019797E /* Info.plist */ = {isa = PBXFileReference; lastKnownFileType = text.plist.xml; path = Info.plist; sourceTree = "<group>"; };
		B08B418720C7A75E0019797E /* CoustomShareViewController.h */ = {isa = PBXFileReference; lastKnownFileType = sourcecode.c.h; path = CoustomShareViewController.h; sourceTree = "<group>"; };
		B08B418820C7A75E0019797E /* CoustomShareViewController.m */ = {isa = PBXFileReference; lastKnownFileType = sourcecode.c.objc; path = CoustomShareViewController.m; sourceTree = "<group>"; };
		B08B418B20C7C6460019797E /* CycleScrollView.m */ = {isa = PBXFileReference; fileEncoding = 4; lastKnownFileType = sourcecode.c.objc; path = CycleScrollView.m; sourceTree = "<group>"; };
		B08B418C20C7C6460019797E /* CycleScrollView.h */ = {isa = PBXFileReference; fileEncoding = 4; lastKnownFileType = sourcecode.c.h; path = CycleScrollView.h; sourceTree = "<group>"; };
/* End PBXFileReference section */

/* Begin PBXFrameworksBuildPhase section */
		B08B413B20C78BC00019797E /* Frameworks */ = {
			isa = PBXFrameworksBuildPhase;
			buildActionMask = 2147483647;
			files = (
			);
			runOnlyForDeploymentPostprocessing = 0;
		};
		B08B415320C78BC20019797E /* Frameworks */ = {
			isa = PBXFrameworksBuildPhase;
			buildActionMask = 2147483647;
			files = (
			);
			runOnlyForDeploymentPostprocessing = 0;
		};
		B08B415E20C78BC20019797E /* Frameworks */ = {
			isa = PBXFrameworksBuildPhase;
			buildActionMask = 2147483647;
			files = (
			);
			runOnlyForDeploymentPostprocessing = 0;
		};
		B08B417420C78CFB0019797E /* Frameworks */ = {
			isa = PBXFrameworksBuildPhase;
			buildActionMask = 2147483647;
			files = (
			);
			runOnlyForDeploymentPostprocessing = 0;
		};
/* End PBXFrameworksBuildPhase section */

/* Begin PBXGroup section */
		B08B413520C78BC00019797E = {
			isa = PBXGroup;
			children = (
				B08B414020C78BC00019797E /* UDTAndShareExtension */,
				B08B415920C78BC20019797E /* UDTAndShareExtensionTests */,
				B08B416420C78BC20019797E /* UDTAndShareExtensionUITests */,
				B08B417820C78CFB0019797E /* ShareExtension */,
				B08B413F20C78BC00019797E /* Products */,
			);
			sourceTree = "<group>";
		};
		B08B413F20C78BC00019797E /* Products */ = {
			isa = PBXGroup;
			children = (
				B08B413E20C78BC00019797E /* UDTAndShareExtension.app */,
				B08B415620C78BC20019797E /* UDTAndShareExtensionTests.xctest */,
				B08B416120C78BC20019797E /* UDTAndShareExtensionUITests.xctest */,
				B08B417720C78CFB0019797E /* ShareExtension.appex */,
			);
			name = Products;
			sourceTree = "<group>";
		};
		B08B414020C78BC00019797E /* UDTAndShareExtension */ = {
			isa = PBXGroup;
			children = (
				B07D448C20C8BD2700068040 /* UDTAndShareExtension.entitlements */,
				B08B414120C78BC00019797E /* AppDelegate.h */,
				B08B414220C78BC00019797E /* AppDelegate.m */,
				B08B414420C78BC00019797E /* ViewController.h */,
				B08B414520C78BC00019797E /* ViewController.m */,
				B08B414720C78BC00019797E /* Main.storyboard */,
				B08B414A20C78BC10019797E /* Assets.xcassets */,
				B08B414C20C78BC10019797E /* LaunchScreen.storyboard */,
				B08B414F20C78BC10019797E /* Info.plist */,
				B08B415020C78BC10019797E /* main.m */,
			);
			path = UDTAndShareExtension;
			sourceTree = "<group>";
		};
		B08B415920C78BC20019797E /* UDTAndShareExtensionTests */ = {
			isa = PBXGroup;
			children = (
				B08B415A20C78BC20019797E /* UDTAndShareExtensionTests.m */,
				B08B415C20C78BC20019797E /* Info.plist */,
			);
			path = UDTAndShareExtensionTests;
			sourceTree = "<group>";
		};
		B08B416420C78BC20019797E /* UDTAndShareExtensionUITests */ = {
			isa = PBXGroup;
			children = (
				B08B416520C78BC20019797E /* UDTAndShareExtensionUITests.m */,
				B08B416720C78BC20019797E /* Info.plist */,
			);
			path = UDTAndShareExtensionUITests;
			sourceTree = "<group>";
		};
		B08B417820C78CFB0019797E /* ShareExtension */ = {
			isa = PBXGroup;
			children = (
				B07D448D20C8BD7100068040 /* ShareExtension.entitlements */,
				B08B418A20C7C6460019797E /* RecycleScrollview */,
				B08B417920C78CFB0019797E /* ShareViewController.h */,
				B08B417A20C78CFB0019797E /* ShareViewController.m */,
				B08B417C20C78CFB0019797E /* MainInterface.storyboard */,
				B08B417F20C78CFB0019797E /* Info.plist */,
				B08B418720C7A75E0019797E /* CoustomShareViewController.h */,
				B08B418820C7A75E0019797E /* CoustomShareViewController.m */,
			);
			path = ShareExtension;
			sourceTree = "<group>";
		};
		B08B418A20C7C6460019797E /* RecycleScrollview */ = {
			isa = PBXGroup;
			children = (
				B08B418C20C7C6460019797E /* CycleScrollView.h */,
				B08B418B20C7C6460019797E /* CycleScrollView.m */,
			);
			path = RecycleScrollview;
			sourceTree = "<group>";
		};
/* End PBXGroup section */

/* Begin PBXNativeTarget section */
		B08B413D20C78BC00019797E /* UDTAndShareExtension */ = {
			isa = PBXNativeTarget;
			buildConfigurationList = B08B416A20C78BC20019797E /* Build configuration list for PBXNativeTarget "UDTAndShareExtension" */;
			buildPhases = (
				B08B413A20C78BC00019797E /* Sources */,
				B08B413B20C78BC00019797E /* Frameworks */,
				B08B413C20C78BC00019797E /* Resources */,
				B08B418620C78CFB0019797E /* Embed App Extensions */,
			);
			buildRules = (
			);
			dependencies = (
				B08B418120C78CFB0019797E /* PBXTargetDependency */,
			);
			name = UDTAndShareExtension;
			productName = UDTAndShareExtension;
			productReference = B08B413E20C78BC00019797E /* UDTAndShareExtension.app */;
			productType = "com.apple.product-type.application";
		};
		B08B415520C78BC20019797E /* UDTAndShareExtensionTests */ = {
			isa = PBXNativeTarget;
			buildConfigurationList = B08B416D20C78BC20019797E /* Build configuration list for PBXNativeTarget "UDTAndShareExtensionTests" */;
			buildPhases = (
				B08B415220C78BC20019797E /* Sources */,
				B08B415320C78BC20019797E /* Frameworks */,
				B08B415420C78BC20019797E /* Resources */,
			);
			buildRules = (
			);
			dependencies = (
				B08B415820C78BC20019797E /* PBXTargetDependency */,
			);
			name = UDTAndShareExtensionTests;
			productName = UDTAndShareExtensionTests;
			productReference = B08B415620C78BC20019797E /* UDTAndShareExtensionTests.xctest */;
			productType = "com.apple.product-type.bundle.unit-test";
		};
		B08B416020C78BC20019797E /* UDTAndShareExtensionUITests */ = {
			isa = PBXNativeTarget;
			buildConfigurationList = B08B417020C78BC20019797E /* Build configuration list for PBXNativeTarget "UDTAndShareExtensionUITests" */;
			buildPhases = (
				B08B415D20C78BC20019797E /* Sources */,
				B08B415E20C78BC20019797E /* Frameworks */,
				B08B415F20C78BC20019797E /* Resources */,
			);
			buildRules = (
			);
			dependencies = (
				B08B416320C78BC20019797E /* PBXTargetDependency */,
			);
			name = UDTAndShareExtensionUITests;
			productName = UDTAndShareExtensionUITests;
			productReference = B08B416120C78BC20019797E /* UDTAndShareExtensionUITests.xctest */;
			productType = "com.apple.product-type.bundle.ui-testing";
		};
		B08B417620C78CFB0019797E /* ShareExtension */ = {
			isa = PBXNativeTarget;
			buildConfigurationList = B08B418320C78CFB0019797E /* Build configuration list for PBXNativeTarget "ShareExtension" */;
			buildPhases = (
				B08B417320C78CFB0019797E /* Sources */,
				B08B417420C78CFB0019797E /* Frameworks */,
				B08B417520C78CFB0019797E /* Resources */,
			);
			buildRules = (
			);
			dependencies = (
			);
			name = ShareExtension;
			productName = ShareExtension;
			productReference = B08B417720C78CFB0019797E /* ShareExtension.appex */;
			productType = "com.apple.product-type.app-extension";
		};
/* End PBXNativeTarget section */

/* Begin PBXProject section */
		B08B413620C78BC00019797E /* Project object */ = {
			isa = PBXProject;
			attributes = {
				LastUpgradeCheck = 0940;
				ORGANIZATIONNAME = peony;
				TargetAttributes = {
					B08B413D20C78BC00019797E = {
						CreatedOnToolsVersion = 9.4;
						SystemCapabilities = {
							com.apple.ApplicationGroups.iOS = {
								enabled = 1;
							};
						};
					};
					B08B415520C78BC20019797E = {
						CreatedOnToolsVersion = 9.4;
						TestTargetID = B08B413D20C78BC00019797E;
					};
					B08B416020C78BC20019797E = {
						CreatedOnToolsVersion = 9.4;
						TestTargetID = B08B413D20C78BC00019797E;
					};
					B08B417620C78CFB0019797E = {
						CreatedOnToolsVersion = 9.4;
						SystemCapabilities = {
							com.apple.ApplicationGroups.iOS = {
								enabled = 1;
							};
						};
					};
				};
			};
			buildConfigurationList = B08B413920C78BC00019797E /* Build configuration list for PBXProject "UDTAndShareExtension" */;
			compatibilityVersion = "Xcode 9.3";
			developmentRegion = en;
			hasScannedForEncodings = 0;
			knownRegions = (
				en,
				Base,
			);
			mainGroup = B08B413520C78BC00019797E;
			productRefGroup = B08B413F20C78BC00019797E /* Products */;
			projectDirPath = "";
			projectRoot = "";
			targets = (
				B08B413D20C78BC00019797E /* UDTAndShareExtension */,
				B08B415520C78BC20019797E /* UDTAndShareExtensionTests */,
				B08B416020C78BC20019797E /* UDTAndShareExtensionUITests */,
				B08B417620C78CFB0019797E /* ShareExtension */,
			);
		};
/* End PBXProject section */

/* Begin PBXResourcesBuildPhase section */
		B08B413C20C78BC00019797E /* Resources */ = {
			isa = PBXResourcesBuildPhase;
			buildActionMask = 2147483647;
			files = (
				B08B414E20C78BC10019797E /* LaunchScreen.storyboard in Resources */,
				B08B414B20C78BC10019797E /* Assets.xcassets in Resources */,
				B08B414920C78BC00019797E /* Main.storyboard in Resources */,
			);
			runOnlyForDeploymentPostprocessing = 0;
		};
		B08B415420C78BC20019797E /* Resources */ = {
			isa = PBXResourcesBuildPhase;
			buildActionMask = 2147483647;
			files = (
			);
			runOnlyForDeploymentPostprocessing = 0;
		};
		B08B415F20C78BC20019797E /* Resources */ = {
			isa = PBXResourcesBuildPhase;
			buildActionMask = 2147483647;
			files = (
			);
			runOnlyForDeploymentPostprocessing = 0;
		};
		B08B417520C78CFB0019797E /* Resources */ = {
			isa = PBXResourcesBuildPhase;
			buildActionMask = 2147483647;
			files = (
				B08B417E20C78CFB0019797E /* MainInterface.storyboard in Resources */,
			);
			runOnlyForDeploymentPostprocessing = 0;
		};
/* End PBXResourcesBuildPhase section */

/* Begin PBXSourcesBuildPhase section */
		B08B413A20C78BC00019797E /* Sources */ = {
			isa = PBXSourcesBuildPhase;
			buildActionMask = 2147483647;
			files = (
				B08B414620C78BC00019797E /* ViewController.m in Sources */,
				B08B415120C78BC10019797E /* main.m in Sources */,
				B08B414320C78BC00019797E /* AppDelegate.m in Sources */,
			);
			runOnlyForDeploymentPostprocessing = 0;
		};
		B08B415220C78BC20019797E /* Sources */ = {
			isa = PBXSourcesBuildPhase;
			buildActionMask = 2147483647;
			files = (
				B08B415B20C78BC20019797E /* UDTAndShareExtensionTests.m in Sources */,
			);
			runOnlyForDeploymentPostprocessing = 0;
		};
		B08B415D20C78BC20019797E /* Sources */ = {
			isa = PBXSourcesBuildPhase;
			buildActionMask = 2147483647;
			files = (
				B08B416620C78BC20019797E /* UDTAndShareExtensionUITests.m in Sources */,
			);
			runOnlyForDeploymentPostprocessing = 0;
		};
		B08B417320C78CFB0019797E /* Sources */ = {
			isa = PBXSourcesBuildPhase;
			buildActionMask = 2147483647;
			files = (
				B08B418D20C7C6460019797E /* CycleScrollView.m in Sources */,
				B08B417B20C78CFB0019797E /* ShareViewController.m in Sources */,
				B08B418920C7A75E0019797E /* CoustomShareViewController.m in Sources */,
			);
			runOnlyForDeploymentPostprocessing = 0;
		};
/* End PBXSourcesBuildPhase section */

/* Begin PBXTargetDependency section */
		B08B415820C78BC20019797E /* PBXTargetDependency */ = {
			isa = PBXTargetDependency;
			target = B08B413D20C78BC00019797E /* UDTAndShareExtension */;
			targetProxy = B08B415720C78BC20019797E /* PBXContainerItemProxy */;
		};
		B08B416320C78BC20019797E /* PBXTargetDependency */ = {
			isa = PBXTargetDependency;
			target = B08B413D20C78BC00019797E /* UDTAndShareExtension */;
			targetProxy = B08B416220C78BC20019797E /* PBXContainerItemProxy */;
		};
		B08B418120C78CFB0019797E /* PBXTargetDependency */ = {
			isa = PBXTargetDependency;
			target = B08B417620C78CFB0019797E /* ShareExtension */;
			targetProxy = B08B418020C78CFB0019797E /* PBXContainerItemProxy */;
		};
/* End PBXTargetDependency section */

/* Begin PBXVariantGroup section */
		B08B414720C78BC00019797E /* Main.storyboard */ = {
			isa = PBXVariantGroup;
			children = (
				B08B414820C78BC00019797E /* Base */,
			);
			name = Main.storyboard;
			sourceTree = "<group>";
		};
		B08B414C20C78BC10019797E /* LaunchScreen.storyboard */ = {
			isa = PBXVariantGroup;
			children = (
				B08B414D20C78BC10019797E /* Base */,
			);
			name = LaunchScreen.storyboard;
			sourceTree = "<group>";
		};
		B08B417C20C78CFB0019797E /* MainInterface.storyboard */ = {
			isa = PBXVariantGroup;
			children = (
				B08B417D20C78CFB0019797E /* Base */,
			);
			name = MainInterface.storyboard;
			sourceTree = "<group>";
		};
/* End PBXVariantGroup section */

/* Begin XCBuildConfiguration section */
		B08B416820C78BC20019797E /* Debug */ = {
			isa = XCBuildConfiguration;
			buildSettings = {
				ALWAYS_SEARCH_USER_PATHS = NO;
				CLANG_ANALYZER_NONNULL = YES;
				CLANG_ANALYZER_NUMBER_OBJECT_CONVERSION = YES_AGGRESSIVE;
				CLANG_CXX_LANGUAGE_STANDARD = "gnu++14";
				CLANG_CXX_LIBRARY = "libc++";
				CLANG_ENABLE_MODULES = YES;
				CLANG_ENABLE_OBJC_ARC = YES;
				CLANG_ENABLE_OBJC_WEAK = YES;
				CLANG_WARN_BLOCK_CAPTURE_AUTORELEASING = YES;
				CLANG_WARN_BOOL_CONVERSION = YES;
				CLANG_WARN_COMMA = YES;
				CLANG_WARN_CONSTANT_CONVERSION = YES;
				CLANG_WARN_DEPRECATED_OBJC_IMPLEMENTATIONS = YES;
				CLANG_WARN_DIRECT_OBJC_ISA_USAGE = YES_ERROR;
				CLANG_WARN_DOCUMENTATION_COMMENTS = YES;
				CLANG_WARN_EMPTY_BODY = YES;
				CLANG_WARN_ENUM_CONVERSION = YES;
				CLANG_WARN_INFINITE_RECURSION = YES;
				CLANG_WARN_INT_CONVERSION = YES;
				CLANG_WARN_NON_LITERAL_NULL_CONVERSION = YES;
				CLANG_WARN_OBJC_IMPLICIT_RETAIN_SELF = YES;
				CLANG_WARN_OBJC_LITERAL_CONVERSION = YES;
				CLANG_WARN_OBJC_ROOT_CLASS = YES_ERROR;
				CLANG_WARN_RANGE_LOOP_ANALYSIS = YES;
				CLANG_WARN_STRICT_PROTOTYPES = YES;
				CLANG_WARN_SUSPICIOUS_MOVE = YES;
				CLANG_WARN_UNGUARDED_AVAILABILITY = YES_AGGRESSIVE;
				CLANG_WARN_UNREACHABLE_CODE = YES;
				CLANG_WARN__DUPLICATE_METHOD_MATCH = YES;
				CODE_SIGN_IDENTITY = "iPhone Developer";
				COPY_PHASE_STRIP = NO;
				DEBUG_INFORMATION_FORMAT = dwarf;
				ENABLE_STRICT_OBJC_MSGSEND = YES;
				ENABLE_TESTABILITY = YES;
				GCC_C_LANGUAGE_STANDARD = gnu11;
				GCC_DYNAMIC_NO_PIC = NO;
				GCC_NO_COMMON_BLOCKS = YES;
				GCC_OPTIMIZATION_LEVEL = 0;
				GCC_PREPROCESSOR_DEFINITIONS = (
					"DEBUG=1",
					"$(inherited)",
				);
				GCC_WARN_64_TO_32_BIT_CONVERSION = YES;
				GCC_WARN_ABOUT_RETURN_TYPE = YES_ERROR;
				GCC_WARN_UNDECLARED_SELECTOR = YES;
				GCC_WARN_UNINITIALIZED_AUTOS = YES_AGGRESSIVE;
				GCC_WARN_UNUSED_FUNCTION = YES;
				GCC_WARN_UNUSED_VARIABLE = YES;
				IPHONEOS_DEPLOYMENT_TARGET = 11.4;
				MTL_ENABLE_DEBUG_INFO = YES;
				ONLY_ACTIVE_ARCH = YES;
				SDKROOT = iphoneos;
			};
			name = Debug;
		};
		B08B416920C78BC20019797E /* Release */ = {
			isa = XCBuildConfiguration;
			buildSettings = {
				ALWAYS_SEARCH_USER_PATHS = NO;
				CLANG_ANALYZER_NONNULL = YES;
				CLANG_ANALYZER_NUMBER_OBJECT_CONVERSION = YES_AGGRESSIVE;
				CLANG_CXX_LANGUAGE_STANDARD = "gnu++14";
				CLANG_CXX_LIBRARY = "libc++";
				CLANG_ENABLE_MODULES = YES;
				CLANG_ENABLE_OBJC_ARC = YES;
				CLANG_ENABLE_OBJC_WEAK = YES;
				CLANG_WARN_BLOCK_CAPTURE_AUTORELEASING = YES;
				CLANG_WARN_BOOL_CONVERSION = YES;
				CLANG_WARN_COMMA = YES;
				CLANG_WARN_CONSTANT_CONVERSION = YES;
				CLANG_WARN_DEPRECATED_OBJC_IMPLEMENTATIONS = YES;
				CLANG_WARN_DIRECT_OBJC_ISA_USAGE = YES_ERROR;
				CLANG_WARN_DOCUMENTATION_COMMENTS = YES;
				CLANG_WARN_EMPTY_BODY = YES;
				CLANG_WARN_ENUM_CONVERSION = YES;
				CLANG_WARN_INFINITE_RECURSION = YES;
				CLANG_WARN_INT_CONVERSION = YES;
				CLANG_WARN_NON_LITERAL_NULL_CONVERSION = YES;
				CLANG_WARN_OBJC_IMPLICIT_RETAIN_SELF = YES;
				CLANG_WARN_OBJC_LITERAL_CONVERSION = YES;
				CLANG_WARN_OBJC_ROOT_CLASS = YES_ERROR;
				CLANG_WARN_RANGE_LOOP_ANALYSIS = YES;
				CLANG_WARN_STRICT_PROTOTYPES = YES;
				CLANG_WARN_SUSPICIOUS_MOVE = YES;
				CLANG_WARN_UNGUARDED_AVAILABILITY = YES_AGGRESSIVE;
				CLANG_WARN_UNREACHABLE_CODE = YES;
				CLANG_WARN__DUPLICATE_METHOD_MATCH = YES;
				CODE_SIGN_IDENTITY = "iPhone Developer";
				COPY_PHASE_STRIP = NO;
				DEBUG_INFORMATION_FORMAT = "dwarf-with-dsym";
				ENABLE_NS_ASSERTIONS = NO;
				ENABLE_STRICT_OBJC_MSGSEND = YES;
				GCC_C_LANGUAGE_STANDARD = gnu11;
				GCC_NO_COMMON_BLOCKS = YES;
				GCC_WARN_64_TO_32_BIT_CONVERSION = YES;
				GCC_WARN_ABOUT_RETURN_TYPE = YES_ERROR;
				GCC_WARN_UNDECLARED_SELECTOR = YES;
				GCC_WARN_UNINITIALIZED_AUTOS = YES_AGGRESSIVE;
				GCC_WARN_UNUSED_FUNCTION = YES;
				GCC_WARN_UNUSED_VARIABLE = YES;
				IPHONEOS_DEPLOYMENT_TARGET = 11.4;
				MTL_ENABLE_DEBUG_INFO = NO;
				SDKROOT = iphoneos;
				VALIDATE_PRODUCT = YES;
			};
			name = Release;
		};
		B08B416B20C78BC20019797E /* Debug */ = {
			isa = XCBuildConfiguration;
			buildSettings = {
				ASSETCATALOG_COMPILER_APPICON_NAME = AppIcon;
				CODE_SIGN_ENTITLEMENTS = UDTAndShareExtension/UDTAndShareExtension.entitlements;
				CODE_SIGN_STYLE = Automatic;
				DEVELOPMENT_TEAM = 2J8278RSN3;
				INFOPLIST_FILE = UDTAndShareExtension/Info.plist;
				LD_RUNPATH_SEARCH_PATHS = (
					"$(inherited)",
					"@executable_path/Frameworks",
				);
				PRODUCT_BUNDLE_IDENTIFIER = peony.UDTAndShareExtension;
				PRODUCT_NAME = "$(TARGET_NAME)";
				TARGETED_DEVICE_FAMILY = "1,2";
			};
			name = Debug;
		};
		B08B416C20C78BC20019797E /* Release */ = {
			isa = XCBuildConfiguration;
			buildSettings = {
				ASSETCATALOG_COMPILER_APPICON_NAME = AppIcon;
				CODE_SIGN_ENTITLEMENTS = UDTAndShareExtension/UDTAndShareExtension.entitlements;
				CODE_SIGN_STYLE = Automatic;
				DEVELOPMENT_TEAM = 2J8278RSN3;
				INFOPLIST_FILE = UDTAndShareExtension/Info.plist;
				LD_RUNPATH_SEARCH_PATHS = (
					"$(inherited)",
					"@executable_path/Frameworks",
				);
				PRODUCT_BUNDLE_IDENTIFIER = peony.UDTAndShareExtension;
				PRODUCT_NAME = "$(TARGET_NAME)";
				TARGETED_DEVICE_FAMILY = "1,2";
			};
			name = Release;
		};
		B08B416E20C78BC20019797E /* Debug */ = {
			isa = XCBuildConfiguration;
			buildSettings = {
				BUNDLE_LOADER = "$(TEST_HOST)";
				CODE_SIGN_STYLE = Automatic;
				INFOPLIST_FILE = UDTAndShareExtensionTests/Info.plist;
				LD_RUNPATH_SEARCH_PATHS = (
					"$(inherited)",
					"@executable_path/Frameworks",
					"@loader_path/Frameworks",
				);
				PRODUCT_BUNDLE_IDENTIFIER = peony.UDTAndShareExtensionTests;
				PRODUCT_NAME = "$(TARGET_NAME)";
				TARGETED_DEVICE_FAMILY = "1,2";
				TEST_HOST = "$(BUILT_PRODUCTS_DIR)/UDTAndShareExtension.app/UDTAndShareExtension";
			};
			name = Debug;
		};
		B08B416F20C78BC20019797E /* Release */ = {
			isa = XCBuildConfiguration;
			buildSettings = {
				BUNDLE_LOADER = "$(TEST_HOST)";
				CODE_SIGN_STYLE = Automatic;
				INFOPLIST_FILE = UDTAndShareExtensionTests/Info.plist;
				LD_RUNPATH_SEARCH_PATHS = (
					"$(inherited)",
					"@executable_path/Frameworks",
					"@loader_path/Frameworks",
				);
				PRODUCT_BUNDLE_IDENTIFIER = peony.UDTAndShareExtensionTests;
				PRODUCT_NAME = "$(TARGET_NAME)";
				TARGETED_DEVICE_FAMILY = "1,2";
				TEST_HOST = "$(BUILT_PRODUCTS_DIR)/UDTAndShareExtension.app/UDTAndShareExtension";
			};
			name = Release;
		};
		B08B417120C78BC20019797E /* Debug */ = {
			isa = XCBuildConfiguration;
			buildSettings = {
				CODE_SIGN_STYLE = Automatic;
				INFOPLIST_FILE = UDTAndShareExtensionUITests/Info.plist;
				LD_RUNPATH_SEARCH_PATHS = (
					"$(inherited)",
					"@executable_path/Frameworks",
					"@loader_path/Frameworks",
				);
				PRODUCT_BUNDLE_IDENTIFIER = peony.UDTAndShareExtensionUITests;
				PRODUCT_NAME = "$(TARGET_NAME)";
				TARGETED_DEVICE_FAMILY = "1,2";
				TEST_TARGET_NAME = UDTAndShareExtension;
			};
			name = Debug;
		};
		B08B417220C78BC20019797E /* Release */ = {
			isa = XCBuildConfiguration;
			buildSettings = {
				CODE_SIGN_STYLE = Automatic;
				INFOPLIST_FILE = UDTAndShareExtensionUITests/Info.plist;
				LD_RUNPATH_SEARCH_PATHS = (
					"$(inherited)",
					"@executable_path/Frameworks",
					"@loader_path/Frameworks",
				);
				PRODUCT_BUNDLE_IDENTIFIER = peony.UDTAndShareExtensionUITests;
				PRODUCT_NAME = "$(TARGET_NAME)";
				TARGETED_DEVICE_FAMILY = "1,2";
				TEST_TARGET_NAME = UDTAndShareExtension;
			};
			name = Release;
		};
		B08B418420C78CFB0019797E /* Debug */ = {
			isa = XCBuildConfiguration;
			buildSettings = {
				CODE_SIGN_ENTITLEMENTS = ShareExtension/ShareExtension.entitlements;
				CODE_SIGN_STYLE = Automatic;
				DEVELOPMENT_TEAM = 2J8278RSN3;
				INFOPLIST_FILE = ShareExtension/Info.plist;
				LD_RUNPATH_SEARCH_PATHS = (
					"$(inherited)",
					"@executable_path/Frameworks",
					"@executable_path/../../Frameworks",
				);
				PRODUCT_BUNDLE_IDENTIFIER = peony.UDTAndShareExtension.ShareExtension;
				PRODUCT_NAME = "$(TARGET_NAME)";
				SKIP_INSTALL = YES;
				TARGETED_DEVICE_FAMILY = "1,2";
			};
			name = Debug;
		};
		B08B418520C78CFB0019797E /* Release */ = {
			isa = XCBuildConfiguration;
			buildSettings = {
				CODE_SIGN_ENTITLEMENTS = ShareExtension/ShareExtension.entitlements;
				CODE_SIGN_STYLE = Automatic;
				DEVELOPMENT_TEAM = 2J8278RSN3;
				INFOPLIST_FILE = ShareExtension/Info.plist;
				LD_RUNPATH_SEARCH_PATHS = (
					"$(inherited)",
					"@executable_path/Frameworks",
					"@executable_path/../../Frameworks",
				);
				PRODUCT_BUNDLE_IDENTIFIER = peony.UDTAndShareExtension.ShareExtension;
				PRODUCT_NAME = "$(TARGET_NAME)";
				SKIP_INSTALL = YES;
				TARGETED_DEVICE_FAMILY = "1,2";
			};
			name = Release;
		};
/* End XCBuildConfiguration section */

/* Begin XCConfigurationList section */
		B08B413920C78BC00019797E /* Build configuration list for PBXProject "UDTAndShareExtension" */ = {
			isa = XCConfigurationList;
			buildConfigurations = (
				B08B416820C78BC20019797E /* Debug */,
				B08B416920C78BC20019797E /* Release */,
			);
			defaultConfigurationIsVisible = 0;
			defaultConfigurationName = Release;
		};
		B08B416A20C78BC20019797E /* Build configuration list for PBXNativeTarget "UDTAndShareExtension" */ = {
			isa = XCConfigurationList;
			buildConfigurations = (
				B08B416B20C78BC20019797E /* Debug */,
				B08B416C20C78BC20019797E /* Release */,
			);
			defaultConfigurationIsVisible = 0;
			defaultConfigurationName = Release;
		};
		B08B416D20C78BC20019797E /* Build configuration list for PBXNativeTarget "UDTAndShareExtensionTests" */ = {
			isa = XCConfigurationList;
			buildConfigurations = (
				B08B416E20C78BC20019797E /* Debug */,
				B08B416F20C78BC20019797E /* Release */,
			);
			defaultConfigurationIsVisible = 0;
			defaultConfigurationName = Release;
		};
		B08B417020C78BC20019797E /* Build configuration list for PBXNativeTarget "UDTAndShareExtensionUITests" */ = {
			isa = XCConfigurationList;
			buildConfigurations = (
				B08B417120C78BC20019797E /* Debug */,
				B08B417220C78BC20019797E /* Release */,
			);
			defaultConfigurationIsVisible = 0;
			defaultConfigurationName = Release;
		};
		B08B418320C78CFB0019797E /* Build configuration list for PBXNativeTarget "ShareExtension" */ = {
			isa = XCConfigurationList;
			buildConfigurations = (
				B08B418420C78CFB0019797E /* Debug */,
				B08B418520C78CFB0019797E /* Release */,
			);
			defaultConfigurationIsVisible = 0;
			defaultConfigurationName = Release;
		};
/* End XCConfigurationList section */
	};
	rootObject = B08B413620C78BC00019797E /* Project object */;
}
